{
  "requires": true,
  "lockfileVersion": 1,
  "dependencies": {
    "@types/node": {
      "version": "17.0.31",
      "resolved": "https://registry.npmjs.org/@types/node/-/node-17.0.31.tgz",
      "integrity": "sha512-AR0x5HbXGqkEx9CadRH3EBYx/VkiUgZIhP4wvPn/+5KIsgpNoyFaRlVe0Zlx9gRtg8fA06a9tskE2MSN7TcG4Q=="
    },
    "dockerfilejs": {
      "version": "1.2.1",
      "resolved": "https://registry.npmjs.org/dockerfilejs/-/dockerfilejs-1.2.1.tgz",
      "integrity": "sha512-o+r76RH7d0VR2cxYpY9c1sCPUQicGf4USd6fez8XLVq4tSlA/iXuxAEljp2BydWBiznorO7pqgd/93QRd8DjtQ=="
    },
    "yaml": {
      "version": "2.0.1",
      "resolved": "https://registry.npmjs.org/yaml/-/yaml-2.0.1.tgz",
      "integrity": "sha512-1NpAYQ3wjzIlMs0mgdBmYzLkFgWBIWrzYVDYfrixhoFNNgJ444/jT2kUT2sicRbJES3oQYRZugjB6Ro8SjKeFg=="
    }
  }
}
